<Solution>
  <Folder Name="/shared/">
    <Project Path="src/Shared/OpenObjects.Client/OpenObjects.Client.csproj" />
  </Folder>
  <Folder Name="/openpdc/">
    <Project Path="src/OpenPdc/OpenPdc.Adapter/OpenPdc.Adapter.csproj" />
    <Project Path="src/OpenPdc/OpenPdc.Client/OpenPdc.Client.csproj" />
    <Project Path="src/OpenPdc/OpenPdc.Worker/OpenPdc.Worker.csproj" />
  </Folder>
  <Folder Name="/smoelenboek/">
    <Project Path="src/Smoelenboek/Entra.Client/Entra.Client.csproj" />
    <Project Path="src/Smoelenboek/Smoelenboek.Adapter/Smoelenboek.Adapter.csproj" />
    <Project Path="src/Smoelenboek/Smoelenboek.Worker/Smoelenboek.Worker.csproj" />
  </Folder>
</Solution>
